lockfileVersion: 5.4

specifiers:
  '@types/node': ^18.0.0
  '@types/react': ^18.0.14
  next: canary
  react: ^18.2.0
  react-dom: ^18.2.0
  typescript: ^4.7.4

dependencies:
  next: 13.0.3-canary.4_biqbaboplfbrettd7655fr4n2y
  react: 18.2.0
  react-dom: 18.2.0_react@18.2.0

devDependencies:
  '@types/node': 18.11.9
  '@types/react': 18.0.25
  typescript: 4.8.4

packages:

  /@next/env/13.0.3-canary.4:
    resolution: {integrity: sha512-IKMYPznB0ttgHa1K7nKbfSMM8kne3G7Am+eNeM11cr+HjPljAzl863Ib9UBk6s7oChTAEVtaoKHbAerW/36tWA==}
    dev: false

  /@next/swc-android-arm-eabi/13.0.3-canary.4:
    resolution: {integrity: sha512-3CXPHZfP7KGwKlrBv451x3l++q1Jxr/5PESk1TkFednJmw+9F6Tno+2RPYEzE++EWxjuAM8SmwHZxhJ6HorOvA==}
    engines: {node: '>= 10'}
    cpu: [arm]
    os: [android]
    requiresBuild: true
    dev: false
    optional: true

  /@next/swc-android-arm64/13.0.3-canary.4:
    resolution: {integrity: sha512-hjsSok+41ZYDghIXMUrvv1eyDboinpDu5kcd/aQTqiV9ukuoQSQFwPd9i8fXVWKOb8w9rfoSLrPoslZXxbMolw==}
    engines: {node: '>= 10'}
    cpu: [arm64]
    os: [android]
    requiresBuild: true
    dev: false
    optional: true

  /@next/swc-darwin-arm64/13.0.3-canary.4:
    resolution: {integrity: sha512-DxpeUXj7UcSidRDH0WjDzFlrycNvCKtQgpjPEzljBs2MGXGisuJ/znFkmqbLYwUi71La0nw91Yuz7IrGDpbhag==}
    engines: {node: '>= 10'}
    cpu: [arm64]
    os: [darwin]
    requiresBuild: true
    dev: false
    optional: true

  /@next/swc-darwin-x64/13.0.3-canary.4:
    resolution: {integrity: sha512-jGdLe9QRpbSMkO+Ttpr8fnl2q/s1cQuBvGKM0nHiIUtwuwnho4BjcYQdcCJbjjH2Vs0KMhayZh9REa+52vdAEA==}
    engines: {node: '>= 10'}
    cpu: [x64]
    os: [darwin]
    requiresBuild: true
    dev: false
    optional: true

  /@next/swc-freebsd-x64/13.0.3-canary.4:
    resolution: {integrity: sha512-9VJCLOkbteSozo8kxrqiFJDntARLIn0Uv4aXdvbAuYhEIVRbnP0uA3z1r6d4g8ycC1Yout6z0m3pkg0MHbKV2w==}
    engines: {node: '>= 10'}
    cpu: [x64]
    os: [freebsd]
    requiresBuild: true
    dev: false
    optional: true

  /@next/swc-linux-arm-gnueabihf/13.0.3-canary.4:
    resolution: {integrity: sha512-SBA6Ja07guZI8KnIpMRN6tDvD6tse70c8d9HPwdkK7JziwIBzNDSuLbuA9WB+9/byM70U8jROBKgMUZAsAbnew==}
    engines: {node: '>= 10'}
    cpu: [arm]
    os: [linux]
    requiresBuild: true
    dev: false
    optional: true

  /@next/swc-linux-arm64-gnu/13.0.3-canary.4:
    resolution: {integrity: sha512-9hQU3mZtzuLAvqaz/72jM2IWtV3lcLFhWqWGCS8yqUCKjkT2ppd/L/VEVuvatC67H5wzpbAJPnDxjPIl7ryiOA==}
    engines: {node: '>= 10'}
    cpu: [arm64]
    os: [linux]
    requiresBuild: true
    dev: false
    optional: true

  /@next/swc-linux-arm64-musl/13.0.3-canary.4:
    resolution: {integrity: sha512-iZTyAMbQiI0kng46mVp9XKscv59STqLbIVs6pSD3pnrBqKUh4SECQ6Z2r6Y4/H65ig64x6hvdk3KbG71UU+Kaw==}
    engines: {node: '>= 10'}
    cpu: [arm64]
    os: [linux]
    requiresBuild: true
    dev: false
    optional: true

  /@next/swc-linux-x64-gnu/13.0.3-canary.4:
    resolution: {integrity: sha512-2yYi/bjxf5jHJPTvnC6WbomgETkLWaNY+CEC2Ci1HV3xNVm1/4LiKB0KoDZGUWMBDjAQHO9LmTZS8+P4Q/wubA==}
    engines: {node: '>= 10'}
    cpu: [x64]
    os: [linux]
    requiresBuild: true
    dev: false
    optional: true

  /@next/swc-linux-x64-musl/13.0.3-canary.4:
    resolution: {integrity: sha512-DuT/jlTSyZDMPWDWpVqxkLJqGytXYnbIbZ8T+XRbOihDy8p4HwaKZW9ZcHM04lSnOmxwXFHRR5Exx4y5cQOH+A==}
    engines: {node: '>= 10'}
    cpu: [x64]
    os: [linux]
    requiresBuild: true
    dev: false
    optional: true

  /@next/swc-win32-arm64-msvc/13.0.3-canary.4:
    resolution: {integrity: sha512-TW1wLzOorp0IhBf2u1XiJ+8OmGWSUID8zWISwyW74oWuNIhpvzbgmCbjFqlfX9xUxAY6tVcx2TfOc5lmsIoaEg==}
    engines: {node: '>= 10'}
    cpu: [arm64]
    os: [win32]
    requiresBuild: true
    dev: false
    optional: true

  /@next/swc-win32-ia32-msvc/13.0.3-canary.4:
    resolution: {integrity: sha512-cCbuBq8ua9u/bpJ0TvyTrEZXNhrzR0R0z/h3gitw+8VUQG4xREwfn3od0J9XjeL0RQ4QbtgorVE2yw9JZ5pOdg==}
    engines: {node: '>= 10'}
    cpu: [ia32]
    os: [win32]
    requiresBuild: true
    dev: false
    optional: true

  /@next/swc-win32-x64-msvc/13.0.3-canary.4:
    resolution: {integrity: sha512-kWfN2WhqxwkaySEddUjm2xJKKdeaIE1/UZXFNCaU5aSZFTn1I4yVjjL40tMCfcppqYbY58X6c5UocOviLcKbrg==}
    engines: {node: '>= 10'}
    cpu: [x64]
    os: [win32]
    requiresBuild: true
    dev: false
    optional: true

  /@swc/helpers/0.4.11:
    resolution: {integrity: sha512-rEUrBSGIoSFuYxwBYtlUFMlE2CwGhmW+w9355/5oduSw8e5h2+Tj4UrAGNNgP9915++wj5vkQo0UuOBqOAq4nw==}
    dependencies:
      tslib: 2.4.1
    dev: false

  /@types/node/18.11.9:
    resolution: {integrity: sha512-CRpX21/kGdzjOpFsZSkcrXMGIBWMGNIHXXBVFSH+ggkftxg+XYP20TESbh+zFvFj3EQOl5byk0HTRn1IL6hbqg==}
    dev: true

  /@types/prop-types/15.7.5:
    resolution: {integrity: sha512-JCB8C6SnDoQf0cNycqd/35A7MjcnK+ZTqE7judS6o7utxUCg6imJg3QK2qzHKszlTjcj2cn+NwMB2i96ubpj7w==}
    dev: true

  /@types/react/18.0.25:
    resolution: {integrity: sha512-xD6c0KDT4m7n9uD4ZHi02lzskaiqcBxf4zi+tXZY98a04wvc0hi/TcCPC2FOESZi51Nd7tlUeOJY8RofL799/g==}
    dependencies:
      '@types/prop-types': 15.7.5
      '@types/scheduler': 0.16.2
      csstype: 3.1.1
    dev: true

  /@types/scheduler/0.16.2:
    resolution: {integrity: sha512-hppQEBDmlwhFAXKJX2KnWLYu5yMfi91yazPb2l+lbJiwW+wdo1gNeRA+3RgNSO39WYX2euey41KEwnqesU2Jew==}
    dev: true

  /caniuse-lite/1.0.30001431:
    resolution: {integrity: sha512-zBUoFU0ZcxpvSt9IU66dXVT/3ctO1cy4y9cscs1szkPlcWb6pasYM144GqrUygUbT+k7cmUCW61cvskjcv0enQ==}
    dev: false

  /client-only/0.0.1:
    resolution: {integrity: sha512-IV3Ou0jSMzZrd3pZ48nLkT9DA7Ag1pnPzaiQhpW7c3RbcqqzvzzVu+L8gfqMp/8IM2MQtSiqaCxrrcfu8I8rMA==}
    dev: false

  /csstype/3.1.1:
    resolution: {integrity: sha512-DJR/VvkAvSZW9bTouZue2sSxDwdTN92uHjqeKVm+0dAqdfNykRzQ95tay8aXMBAAPpUiq4Qcug2L7neoRh2Egw==}
    dev: true

  /js-tokens/4.0.0:
    resolution: {integrity: sha512-RdJUflcE3cUzKiMqQgsCu06FPu9UdIJO0beYbPhHN4k6apgJtifcoCtT9bcxOpYBtpD2kCM6Sbzg4CausW/PKQ==}
    dev: false

  /loose-envify/1.4.0:
    resolution: {integrity: sha512-lyuxPGr/Wfhrlem2CL/UcnUc1zcqKAImBDzukY7Y5F/yQiNdko6+fRLevlw1HgMySw7f611UIY408EtxRSoK3Q==}
    hasBin: true
    dependencies:
      js-tokens: 4.0.0
    dev: false

  /nanoid/3.3.4:
    resolution: {integrity: sha512-MqBkQh/OHTS2egovRtLk45wEyNXwF+cokD+1YPf9u5VfJiRdAiRwB2froX5Co9Rh20xs4siNPm8naNotSD6RBw==}
    engines: {node: ^10 || ^12 || ^13.7 || ^14 || >=15.0.1}
    hasBin: true
    dev: false

  /next/13.0.3-canary.4_biqbaboplfbrettd7655fr4n2y:
    resolution: {integrity: sha512-GCf0loggwGvPXeDfYMtg36HByukmALnldQZMIdQnGcJtFHRQsWrprvrTEfqTENU5UOZSYbTdJRdL1Y8QOyymWw==}
    engines: {node: '>=14.6.0'}
    hasBin: true
    peerDependencies:
      fibers: '>= 3.1.0'
      node-sass: ^6.0.0 || ^7.0.0
      react: ^18.2.0
      react-dom: ^18.2.0
      sass: ^1.3.0
    peerDependenciesMeta:
      fibers:
        optional: true
      node-sass:
        optional: true
      sass:
        optional: true
    dependencies:
      '@next/env': 13.0.3-canary.4
      '@swc/helpers': 0.4.11
      caniuse-lite: 1.0.30001431
      postcss: 8.4.14
      react: 18.2.0
      react-dom: 18.2.0_react@18.2.0
      styled-jsx: 5.1.0_react@18.2.0
      use-sync-external-store: 1.2.0_react@18.2.0
    optionalDependencies:
      '@next/swc-android-arm-eabi': 13.0.3-canary.4
      '@next/swc-android-arm64': 13.0.3-canary.4
      '@next/swc-darwin-arm64': 13.0.3-canary.4
      '@next/swc-darwin-x64': 13.0.3-canary.4
      '@next/swc-freebsd-x64': 13.0.3-canary.4
      '@next/swc-linux-arm-gnueabihf': 13.0.3-canary.4
      '@next/swc-linux-arm64-gnu': 13.0.3-canary.4
      '@next/swc-linux-arm64-musl': 13.0.3-canary.4
      '@next/swc-linux-x64-gnu': 13.0.3-canary.4
      '@next/swc-linux-x64-musl': 13.0.3-canary.4
      '@next/swc-win32-arm64-msvc': 13.0.3-canary.4
      '@next/swc-win32-ia32-msvc': 13.0.3-canary.4
      '@next/swc-win32-x64-msvc': 13.0.3-canary.4
    transitivePeerDependencies:
      - '@babel/core'
      - babel-plugin-macros
    dev: false

  /picocolors/1.0.0:
    resolution: {integrity: sha512-1fygroTLlHu66zi26VoTDv8yRgm0Fccecssto+MhsZ0D/DGW2sm8E8AjW7NU5VVTRt5GxbeZ5qBuJr+HyLYkjQ==}
    dev: false

  /postcss/8.4.14:
    resolution: {integrity: sha512-E398TUmfAYFPBSdzgeieK2Y1+1cpdxJx8yXbK/m57nRhKSmk1GB2tO4lbLBtlkfPQTDKfe4Xqv1ASWPpayPEig==}
    engines: {node: ^10 || ^12 || >=14}
    dependencies:
      nanoid: 3.3.4
      picocolors: 1.0.0
      source-map-js: 1.0.2
    dev: false

  /react-dom/18.2.0_react@18.2.0:
    resolution: {integrity: sha512-6IMTriUmvsjHUjNtEDudZfuDQUoWXVxKHhlEGSk81n4YFS+r/Kl99wXiwlVXtPBtJenozv2P+hxDsw9eA7Xo6g==}
    peerDependencies:
      react: ^18.2.0
    dependencies:
      loose-envify: 1.4.0
      react: 18.2.0
      scheduler: 0.23.0
    dev: false

  /react/18.2.0:
    resolution: {integrity: sha512-/3IjMdb2L9QbBdWiW5e3P2/npwMBaU9mHCSCUzNln0ZCYbcfTsGbTJrU/kGemdH2IWmB2ioZ+zkxtmq6g09fGQ==}
    engines: {node: '>=0.10.0'}
    dependencies:
      loose-envify: 1.4.0
    dev: false

  /scheduler/0.23.0:
    resolution: {integrity: sha512-CtuThmgHNg7zIZWAXi3AsyIzA3n4xx7aNyjwC2VJldO2LMVDhFK+63xGqq6CsJH4rTAt6/M+N4GhZiDYPx9eUw==}
    dependencies:
      loose-envify: 1.4.0
    dev: false

  /source-map-js/1.0.2:
    resolution: {integrity: sha512-R0XvVJ9WusLiqTCEiGCmICCMplcCkIwwR11mOSD9CR5u+IXYdiseeEuXCVAjS54zqwkLcPNnmU4OeJ6tUrWhDw==}
    engines: {node: '>=0.10.0'}
    dev: false

  /styled-jsx/5.1.0_react@18.2.0:
    resolution: {integrity: sha512-/iHaRJt9U7T+5tp6TRelLnqBqiaIT0HsO0+vgyj8hK2KUk7aejFqRrumqPUlAqDwAj8IbS/1hk3IhBAAK/FCUQ==}
    engines: {node: '>= 12.0.0'}
    peerDependencies:
      '@babel/core': '*'
      babel-plugin-macros: '*'
      react: '>= 16.8.0 || 17.x.x || ^18.0.0-0'
    peerDependenciesMeta:
      '@babel/core':
        optional: true
      babel-plugin-macros:
        optional: true
    dependencies:
      client-only: 0.0.1
      react: 18.2.0
    dev: false

  /tslib/2.4.1:
    resolution: {integrity: sha512-tGyy4dAjRIEwI7BzsB0lynWgOpfqjUdq91XXAlIWD2OwKBH7oCl/GZG/HT4BOHrTlPMOASlMQ7veyTqpmRcrNA==}
    dev: false

  /typescript/4.8.4:
    resolution: {integrity: sha512-QCh+85mCy+h0IGff8r5XWzOVSbBO+KfeYrMQh7NJ58QujwcE22u+NUSmUxqF+un70P9GXKxa2HCNiTTMJknyjQ==}
    engines: {node: '>=4.2.0'}
    hasBin: true
    dev: true

  /use-sync-external-store/1.2.0_react@18.2.0:
    resolution: {integrity: sha512-eEgnFxGQ1Ife9bzYs6VLi8/4X6CObHMw9Qr9tPY43iKwsPw8xE8+EFsf/2cFZ5S3esXgpWgtSCtLNS41F+sKPA==}
    peerDependencies:
      react: ^16.8.0 || ^17.0.0 || ^18.0.0
    dependencies:
      react: 18.2.0
    dev: false
